// !$*UTF8*$!
{
	archiveVersion = 1;
	classes = {
	};
	objectVersion = 56;
	objects = {

/* Begin PBXBuildFile section */
		F5D6581E2C0DD25600A4B5AE /* AddNewTasksViewController.swift in Sources */ = {isa = PBXBuildFile; fileRef = F5D6581D2C0DD25600A4B5AE /* AddNewTasksViewController.swift */; };
		F5D658202C0DD9CD00A4B5AE /* ToDoTableViewCell.swift in Sources */ = {isa = PBXBuildFile; fileRef = F5D6581F2C0DD9CD00A4B5AE /* ToDoTableViewCell.swift */; };
		F5D658222C0DDF1F00A4B5AE /* SummaryTableViewCell.swift in Sources */ = {isa = PBXBuildFile; fileRef = F5D658212C0DDF1F00A4B5AE /* SummaryTableViewCell.swift */; };
		F5D658252C0DE2B900A4B5AE /* Lottie in Frameworks */ = {isa = PBXBuildFile; productRef = F5D658242C0DE2B900A4B5AE /* Lottie */; };
		F5D658272C0DE2DC00A4B5AE /* CelebrationAnimationView.swift in Sources */ = {isa = PBXBuildFile; fileRef = F5D658262C0DE2DC00A4B5AE /* CelebrationAnimationView.swift */; };
		F5D658292C0DE50100A4B5AE /* celeprationAnimation.json in Resources */ = {isa = PBXBuildFile; fileRef = F5D658282C0DE50100A4B5AE /* celeprationAnimation.json */; };
		F5D6582B2C0DE6E100A4B5AE /* ToDoListViewControllerDataSource.swift in Sources */ = {isa = PBXBuildFile; fileRef = F5D6582A2C0DE6E100A4B5AE /* ToDoListViewControllerDataSource.swift */; };
		F5D6582D2C0DE72D00A4B5AE /* ToDoListViewControllerDelegate.swift in Sources */ = {isa = PBXBuildFile; fileRef = F5D6582C2C0DE72D00A4B5AE /* ToDoListViewControllerDelegate.swift */; };
		F5D8BE022C0C7391001F1775 /* AppDelegate.swift in Sources */ = {isa = PBXBuildFile; fileRef = F5D8BE012C0C7391001F1775 /* AppDelegate.swift */; };
		F5D8BE042C0C7391001F1775 /* SceneDelegate.swift in Sources */ = {isa = PBXBuildFile; fileRef = F5D8BE032C0C7391001F1775 /* SceneDelegate.swift */; };
		F5D8BE062C0C7391001F1775 /* ToDoListViewController.swift in Sources */ = {isa = PBXBuildFile; fileRef = F5D8BE052C0C7391001F1775 /* ToDoListViewController.swift */; };
		F5D8BE0B2C0C7392001F1775 /* Assets.xcassets in Resources */ = {isa = PBXBuildFile; fileRef = F5D8BE0A2C0C7392001F1775 /* Assets.xcassets */; };
		F5D8BE0E2C0C7392001F1775 /* Base in Resources */ = {isa = PBXBuildFile; fileRef = F5D8BE0D2C0C7392001F1775 /* Base */; };
		F5D8BE1C2C0C7899001F1775 /* Tasks.xcdatamodeld in Sources */ = {isa = PBXBuildFile; fileRef = F5D8BE1A2C0C7899001F1775 /* Tasks.xcdatamodeld */; };
		F5D8BE1E2C0C7B03001F1775 /* TaskViewModel.swift in Sources */ = {isa = PBXBuildFile; fileRef = F5D8BE1D2C0C7B03001F1775 /* TaskViewModel.swift */; };
		F5D8BE202C0C7CA7001F1775 /* TaskListViewModell.swift in Sources */ = {isa = PBXBuildFile; fileRef = F5D8BE1F2C0C7CA7001F1775 /* TaskListViewModell.swift */; };
		F5D8BE222C0C821E001F1775 /* AddNewTaskViewModel.swift in Sources */ = {isa = PBXBuildFile; fileRef = F5D8BE212C0C821E001F1775 /* AddNewTaskViewModel.swift */; };
		F5D8BE242C0C8416001F1775 /* CoreDataManager.swift in Sources */ = {isa = PBXBuildFile; fileRef = F5D8BE232C0C8416001F1775 /* CoreDataManager.swift */; };
/* End PBXBuildFile section */

/* Begin PBXFileReference section */
		F5D6581D2C0DD25600A4B5AE /* AddNewTasksViewController.swift */ = {isa = PBXFileReference; lastKnownFileType = sourcecode.swift; path = AddNewTasksViewController.swift; sourceTree = "<group>"; };
		F5D6581F2C0DD9CD00A4B5AE /* ToDoTableViewCell.swift */ = {isa = PBXFileReference; lastKnownFileType = sourcecode.swift; path = ToDoTableViewCell.swift; sourceTree = "<group>"; };
		F5D658212C0DDF1F00A4B5AE /* SummaryTableViewCell.swift */ = {isa = PBXFileReference; lastKnownFileType = sourcecode.swift; path = SummaryTableViewCell.swift; sourceTree = "<group>"; };
		F5D658262C0DE2DC00A4B5AE /* CelebrationAnimationView.swift */ = {isa = PBXFileReference; lastKnownFileType = sourcecode.swift; path = CelebrationAnimationView.swift; sourceTree = "<group>"; };
		F5D658282C0DE50100A4B5AE /* celeprationAnimation.json */ = {isa = PBXFileReference; fileEncoding = 4; lastKnownFileType = text.json; path = celeprationAnimation.json; sourceTree = "<group>"; };
		F5D6582A2C0DE6E100A4B5AE /* ToDoListViewControllerDataSource.swift */ = {isa = PBXFileReference; lastKnownFileType = sourcecode.swift; path = ToDoListViewControllerDataSource.swift; sourceTree = "<group>"; };
		F5D6582C2C0DE72D00A4B5AE /* ToDoListViewControllerDelegate.swift */ = {isa = PBXFileReference; lastKnownFileType = sourcecode.swift; path = ToDoListViewControllerDelegate.swift; sourceTree = "<group>"; };
		F5D8BDFE2C0C7391001F1775 /* TaskListApp.app */ = {isa = PBXFileReference; explicitFileType = wrapper.application; includeInIndex = 0; path = TaskListApp.app; sourceTree = BUILT_PRODUCTS_DIR; };
		F5D8BE012C0C7391001F1775 /* AppDelegate.swift */ = {isa = PBXFileReference; lastKnownFileType = sourcecode.swift; path = AppDelegate.swift; sourceTree = "<group>"; };
		F5D8BE032C0C7391001F1775 /* SceneDelegate.swift */ = {isa = PBXFileReference; lastKnownFileType = sourcecode.swift; path = SceneDelegate.swift; sourceTree = "<group>"; };
		F5D8BE052C0C7391001F1775 /* ToDoListViewController.swift */ = {isa = PBXFileReference; lastKnownFileType = sourcecode.swift; path = ToDoListViewController.swift; sourceTree = "<group>"; };
		F5D8BE0A2C0C7392001F1775 /* Assets.xcassets */ = {isa = PBXFileReference; lastKnownFileType = folder.assetcatalog; path = Assets.xcassets; sourceTree = "<group>"; };
		F5D8BE0D2C0C7392001F1775 /* Base */ = {isa = PBXFileReference; lastKnownFileType = file.storyboard; name = Base; path = Base.lproj/LaunchScreen.storyboard; sourceTree = "<group>"; };
		F5D8BE0F2C0C7392001F1775 /* Info.plist */ = {isa = PBXFileReference; lastKnownFileType = text.plist.xml; path = Info.plist; sourceTree = "<group>"; };
		F5D8BE1B2C0C7899001F1775 /* Tasks.xcdatamodel */ = {isa = PBXFileReference; lastKnownFileType = wrapper.xcdatamodel; path = Tasks.xcdatamodel; sourceTree = "<group>"; };
		F5D8BE1D2C0C7B03001F1775 /* TaskViewModel.swift */ = {isa = PBXFileReference; lastKnownFileType = sourcecode.swift; path = TaskViewModel.swift; sourceTree = "<group>"; };
		F5D8BE1F2C0C7CA7001F1775 /* TaskListViewModell.swift */ = {isa = PBXFileReference; lastKnownFileType = sourcecode.swift; path = TaskListViewModell.swift; sourceTree = "<group>"; };
		F5D8BE212C0C821E001F1775 /* AddNewTaskViewModel.swift */ = {isa = PBXFileReference; lastKnownFileType = sourcecode.swift; path = AddNewTaskViewModel.swift; sourceTree = "<group>"; };
		F5D8BE232C0C8416001F1775 /* CoreDataManager.swift */ = {isa = PBXFileReference; lastKnownFileType = sourcecode.swift; path = CoreDataManager.swift; sourceTree = "<group>"; };
/* End PBXFileReference section */

/* Begin PBXFrameworksBuildPhase section */
		F5D8BDFB2C0C7391001F1775 /* Frameworks */ = {
			isa = PBXFrameworksBuildPhase;
			buildActionMask = 2147483647;
			files = (
				F5D658252C0DE2B900A4B5AE /* Lottie in Frameworks */,
			);
			runOnlyForDeploymentPostprocessing = 0;
		};
/* End PBXFrameworksBuildPhase section */

/* Begin PBXGroup section */
		F5D8BDF52C0C7391001F1775 = {
			isa = PBXGroup;
			children = (
				F5D8BE002C0C7391001F1775 /* TaskListApp */,
				F5D8BDFF2C0C7391001F1775 /* Products */,
			);
			sourceTree = "<group>";
		};
		F5D8BDFF2C0C7391001F1775 /* Products */ = {
			isa = PBXGroup;
			children = (
				F5D8BDFE2C0C7391001F1775 /* TaskListApp.app */,
			);
			name = Products;
			sourceTree = "<group>";
		};
		F5D8BE002C0C7391001F1775 /* TaskListApp */ = {
			isa = PBXGroup;
			children = (
				F5D8BE192C0C7713001F1775 /* Views */,
				F5D8BE182C0C7709001F1775 /* ViewControllers */,
				F5D8BE172C0C76F5001F1775 /* ViewModels */,
				F5D8BE162C0C76CB001F1775 /* Resources */,
				F5D8BE152C0C769E001F1775 /* SystemFiles */,
			);
			path = TaskListApp;
			sourceTree = "<group>";
		};
		F5D8BE152C0C769E001F1775 /* SystemFiles */ = {
			isa = PBXGroup;
			children = (
				F5D8BE0F2C0C7392001F1775 /* Info.plist */,
				F5D8BE0A2C0C7392001F1775 /* Assets.xcassets */,
				F5D8BE0C2C0C7392001F1775 /* LaunchScreen.storyboard */,
				F5D8BE012C0C7391001F1775 /* AppDelegate.swift */,
				F5D8BE032C0C7391001F1775 /* SceneDelegate.swift */,
			);
			path = SystemFiles;
			sourceTree = "<group>";
		};
		F5D8BE162C0C76CB001F1775 /* Resources */ = {
			isa = PBXGroup;
			children = (
				F5D658282C0DE50100A4B5AE /* celeprationAnimation.json */,
				F5D8BE1A2C0C7899001F1775 /* Tasks.xcdatamodeld */,
				F5D8BE232C0C8416001F1775 /* CoreDataManager.swift */,
				F5D6582A2C0DE6E100A4B5AE /* ToDoListViewControllerDataSource.swift */,
				F5D6582C2C0DE72D00A4B5AE /* ToDoListViewControllerDelegate.swift */,
			);
			path = Resources;
			sourceTree = "<group>";
		};
		F5D8BE172C0C76F5001F1775 /* ViewModels */ = {
			isa = PBXGroup;
			children = (
				F5D8BE1D2C0C7B03001F1775 /* TaskViewModel.swift */,
				F5D8BE1F2C0C7CA7001F1775 /* TaskListViewModell.swift */,
				F5D8BE212C0C821E001F1775 /* AddNewTaskViewModel.swift */,
			);
			path = ViewModels;
			sourceTree = "<group>";
		};
		F5D8BE182C0C7709001F1775 /* ViewControllers */ = {
			isa = PBXGroup;
			children = (
				F5D8BE052C0C7391001F1775 /* ToDoListViewController.swift */,
				F5D6581D2C0DD25600A4B5AE /* AddNewTasksViewController.swift */,
			);
			path = ViewControllers;
			sourceTree = "<group>";
		};
		F5D8BE192C0C7713001F1775 /* Views */ = {
			isa = PBXGroup;
			children = (
				F5D6581F2C0DD9CD00A4B5AE /* ToDoTableViewCell.swift */,
				F5D658212C0DDF1F00A4B5AE /* SummaryTableViewCell.swift */,
				F5D658262C0DE2DC00A4B5AE /* CelebrationAnimationView.swift */,
			);
			path = Views;
			sourceTree = "<group>";
		};
/* End PBXGroup section */

/* Begin PBXNativeTarget section */
		F5D8BDFD2C0C7391001F1775 /* TaskListApp */ = {
			isa = PBXNativeTarget;
			buildConfigurationList = F5D8BE122C0C7392001F1775 /* Build configuration list for PBXNativeTarget "TaskListApp" */;
			buildPhases = (
				F5D8BDFA2C0C7391001F1775 /* Sources */,
				F5D8BDFB2C0C7391001F1775 /* Frameworks */,
				F5D8BDFC2C0C7391001F1775 /* Resources */,
			);
			buildRules = (
			);
			dependencies = (
			);
			name = TaskListApp;
			packageProductDependencies = (
				F5D658242C0DE2B900A4B5AE /* Lottie */,
			);
			productName = TaskListApp;
			productReference = F5D8BDFE2C0C7391001F1775 /* TaskListApp.app */;
			productType = "com.apple.product-type.application";
		};
/* End PBXNativeTarget section */

/* Begin PBXProject section */
		F5D8BDF62C0C7391001F1775 /* Project object */ = {
			isa = PBXProject;
			attributes = {
				BuildIndependentTargetsInParallel = 1;
				LastSwiftUpdateCheck = 1530;
				LastUpgradeCheck = 1530;
				TargetAttributes = {
					F5D8BDFD2C0C7391001F1775 = {
						CreatedOnToolsVersion = 15.3;
					};
				};
			};
			buildConfigurationList = F5D8BDF92C0C7391001F1775 /* Build configuration list for PBXProject "TaskListApp" */;
			compatibilityVersion = "Xcode 14.0";
			developmentRegion = en;
			hasScannedForEncodings = 0;
			knownRegions = (
				en,
				Base,
			);
			mainGroup = F5D8BDF52C0C7391001F1775;
			packageReferences = (
				F5D658232C0DE2B900A4B5AE /* XCRemoteSwiftPackageReference "lottie-ios" */,
			);
			productRefGroup = F5D8BDFF2C0C7391001F1775 /* Products */;
			projectDirPath = "";
			projectRoot = "";
			targets = (
				F5D8BDFD2C0C7391001F1775 /* TaskListApp */,
			);
		};
/* End PBXProject section */

/* Begin PBXResourcesBuildPhase section */
		F5D8BDFC2C0C7391001F1775 /* Resources */ = {
			isa = PBXResourcesBuildPhase;
			buildActionMask = 2147483647;
			files = (
				F5D658292C0DE50100A4B5AE /* celeprationAnimation.json in Resources */,
				F5D8BE0B2C0C7392001F1775 /* Assets.xcassets in Resources */,
				F5D8BE0E2C0C7392001F1775 /* Base in Resources */,
			);
			runOnlyForDeploymentPostprocessing = 0;
		};
/* End PBXResourcesBuildPhase section */

/* Begin PBXSourcesBuildPhase section */
		F5D8BDFA2C0C7391001F1775 /* Sources */ = {
			isa = PBXSourcesBuildPhase;
			buildActionMask = 2147483647;
			files = (
				F5D658272C0DE2DC00A4B5AE /* CelebrationAnimationView.swift in Sources */,
				F5D8BE1C2C0C7899001F1775 /* Tasks.xcdatamodeld in Sources */,
				F5D8BE222C0C821E001F1775 /* AddNewTaskViewModel.swift in Sources */,
				F5D8BE202C0C7CA7001F1775 /* TaskListViewModell.swift in Sources */,
				F5D8BE062C0C7391001F1775 /* ToDoListViewController.swift in Sources */,
				F5D8BE022C0C7391001F1775 /* AppDelegate.swift in Sources */,
				F5D6582B2C0DE6E100A4B5AE /* ToDoListViewControllerDataSource.swift in Sources */,
				F5D8BE1E2C0C7B03001F1775 /* TaskViewModel.swift in Sources */,
				F5D658222C0DDF1F00A4B5AE /* SummaryTableViewCell.swift in Sources */,
				F5D8BE242C0C8416001F1775 /* CoreDataManager.swift in Sources */,
				F5D6581E2C0DD25600A4B5AE /* AddNewTasksViewController.swift in Sources */,
				F5D6582D2C0DE72D00A4B5AE /* ToDoListViewControllerDelegate.swift in Sources */,
				F5D8BE042C0C7391001F1775 /* SceneDelegate.swift in Sources */,
				F5D658202C0DD9CD00A4B5AE /* ToDoTableViewCell.swift in Sources */,
			);
			runOnlyForDeploymentPostprocessing = 0;
		};
/* End PBXSourcesBuildPhase section */

/* Begin PBXVariantGroup section */
		F5D8BE0C2C0C7392001F1775 /* LaunchScreen.storyboard */ = {
			isa = PBXVariantGroup;
			children = (
				F5D8BE0D2C0C7392001F1775 /* Base */,
			);
			name = LaunchScreen.storyboard;
			sourceTree = "<group>";
		};
/* End PBXVariantGroup section */

/* Begin XCBuildConfiguration section */
		F5D8BE102C0C7392001F1775 /* Debug */ = {
			isa = XCBuildConfiguration;
			buildSettings = {
				ALWAYS_SEARCH_USER_PATHS = NO;
				ASSETCATALOG_COMPILER_GENERATE_SWIFT_ASSET_SYMBOL_EXTENSIONS = YES;
				CLANG_ANALYZER_NONNULL = YES;
				CLANG_ANALYZER_NUMBER_OBJECT_CONVERSION = YES_AGGRESSIVE;
				CLANG_CXX_LANGUAGE_STANDARD = "gnu++20";
				CLANG_ENABLE_MODULES = YES;
				CLANG_ENABLE_OBJC_ARC = YES;
				CLANG_ENABLE_OBJC_WEAK = YES;
				CLANG_WARN_BLOCK_CAPTURE_AUTORELEASING = YES;
				CLANG_WARN_BOOL_CONVERSION = YES;
				CLANG_WARN_COMMA = YES;
				CLANG_WARN_CONSTANT_CONVERSION = YES;
				CLANG_WARN_DEPRECATED_OBJC_IMPLEMENTATIONS = YES;
				CLANG_WARN_DIRECT_OBJC_ISA_USAGE = YES_ERROR;
				CLANG_WARN_DOCUMENTATION_COMMENTS = YES;
				CLANG_WARN_EMPTY_BODY = YES;
				CLANG_WARN_ENUM_CONVERSION = YES;
				CLANG_WARN_INFINITE_RECURSION = YES;
				CLANG_WARN_INT_CONVERSION = YES;
				CLANG_WARN_NON_LITERAL_NULL_CONVERSION = YES;
				CLANG_WARN_OBJC_IMPLICIT_RETAIN_SELF = YES;
				CLANG_WARN_OBJC_LITERAL_CONVERSION = YES;
				CLANG_WARN_OBJC_ROOT_CLASS = YES_ERROR;
				CLANG_WARN_QUOTED_INCLUDE_IN_FRAMEWORK_HEADER = YES;
				CLANG_WARN_RANGE_LOOP_ANALYSIS = YES;
				CLANG_WARN_STRICT_PROTOTYPES = YES;
				CLANG_WARN_SUSPICIOUS_MOVE = YES;
				CLANG_WARN_UNGUARDED_AVAILABILITY = YES_AGGRESSIVE;
				CLANG_WARN_UNREACHABLE_CODE = YES;
				CLANG_WARN__DUPLICATE_METHOD_MATCH = YES;
				COPY_PHASE_STRIP = NO;
				DEBUG_INFORMATION_FORMAT = dwarf;
				ENABLE_STRICT_OBJC_MSGSEND = YES;
				ENABLE_TESTABILITY = YES;
				ENABLE_USER_SCRIPT_SANDBOXING = YES;
				GCC_C_LANGUAGE_STANDARD = gnu17;
				GCC_DYNAMIC_NO_PIC = NO;
				GCC_NO_COMMON_BLOCKS = YES;
				GCC_OPTIMIZATION_LEVEL = 0;
				GCC_PREPROCESSOR_DEFINITIONS = (
					"DEBUG=1",
					"$(inherited)",
				);
				GCC_WARN_64_TO_32_BIT_CONVERSION = YES;
				GCC_WARN_ABOUT_RETURN_TYPE = YES_ERROR;
				GCC_WARN_UNDECLARED_SELECTOR = YES;
				GCC_WARN_UNINITIALIZED_AUTOS = YES_AGGRESSIVE;
				GCC_WARN_UNUSED_FUNCTION = YES;
				GCC_WARN_UNUSED_VARIABLE = YES;
				IPHONEOS_DEPLOYMENT_TARGET = 17.4;
				LOCALIZATION_PREFERS_STRING_CATALOGS = YES;
				MTL_ENABLE_DEBUG_INFO = INCLUDE_SOURCE;
				MTL_FAST_MATH = YES;
				ONLY_ACTIVE_ARCH = YES;
				SDKROOT = iphoneos;
				SWIFT_ACTIVE_COMPILATION_CONDITIONS = "DEBUG $(inherited)";
				SWIFT_OPTIMIZATION_LEVEL = "-Onone";
			};
			name = Debug;
		};
		F5D8BE112C0C7392001F1775 /* Release */ = {
			isa = XCBuildConfiguration;
			buildSettings = {
				ALWAYS_SEARCH_USER_PATHS = NO;
				ASSETCATALOG_COMPILER_GENERATE_SWIFT_ASSET_SYMBOL_EXTENSIONS = YES;
				CLANG_ANALYZER_NONNULL = YES;
				CLANG_ANALYZER_NUMBER_OBJECT_CONVERSION = YES_AGGRESSIVE;
				CLANG_CXX_LANGUAGE_STANDARD = "gnu++20";
				CLANG_ENABLE_MODULES = YES;
				CLANG_ENABLE_OBJC_ARC = YES;
				CLANG_ENABLE_OBJC_WEAK = YES;
				CLANG_WARN_BLOCK_CAPTURE_AUTORELEASING = YES;
				CLANG_WARN_BOOL_CONVERSION = YES;
				CLANG_WARN_COMMA = YES;
				CLANG_WARN_CONSTANT_CONVERSION = YES;
				CLANG_WARN_DEPRECATED_OBJC_IMPLEMENTATIONS = YES;
				CLANG_WARN_DIRECT_OBJC_ISA_USAGE = YES_ERROR;
				CLANG_WARN_DOCUMENTATION_COMMENTS = YES;
				CLANG_WARN_EMPTY_BODY = YES;
				CLANG_WARN_ENUM_CONVERSION = YES;
				CLANG_WARN_INFINITE_RECURSION = YES;
				CLANG_WARN_INT_CONVERSION = YES;
				CLANG_WARN_NON_LITERAL_NULL_CONVERSION = YES;
				CLANG_WARN_OBJC_IMPLICIT_RETAIN_SELF = YES;
				CLANG_WARN_OBJC_LITERAL_CONVERSION = YES;
				CLANG_WARN_OBJC_ROOT_CLASS = YES_ERROR;
				CLANG_WARN_QUOTED_INCLUDE_IN_FRAMEWORK_HEADER = YES;
				CLANG_WARN_RANGE_LOOP_ANALYSIS = YES;
				CLANG_WARN_STRICT_PROTOTYPES = YES;
				CLANG_WARN_SUSPICIOUS_MOVE = YES;
				CLANG_WARN_UNGUARDED_AVAILABILITY = YES_AGGRESSIVE;
				CLANG_WARN_UNREACHABLE_CODE = YES;
				CLANG_WARN__DUPLICATE_METHOD_MATCH = YES;
				COPY_PHASE_STRIP = NO;
				DEBUG_INFORMATION_FORMAT = "dwarf-with-dsym";
				ENABLE_NS_ASSERTIONS = NO;
				ENABLE_STRICT_OBJC_MSGSEND = YES;
				ENABLE_USER_SCRIPT_SANDBOXING = YES;
				GCC_C_LANGUAGE_STANDARD = gnu17;
				GCC_NO_COMMON_BLOCKS = YES;
				GCC_WARN_64_TO_32_BIT_CONVERSION = YES;
				GCC_WARN_ABOUT_RETURN_TYPE = YES_ERROR;
				GCC_WARN_UNDECLARED_SELECTOR = YES;
				GCC_WARN_UNINITIALIZED_AUTOS = YES_AGGRESSIVE;
				GCC_WARN_UNUSED_FUNCTION = YES;
				GCC_WARN_UNUSED_VARIABLE = YES;
				IPHONEOS_DEPLOYMENT_TARGET = 17.4;
				LOCALIZATION_PREFERS_STRING_CATALOGS = YES;
				MTL_ENABLE_DEBUG_INFO = NO;
				MTL_FAST_MATH = YES;
				SDKROOT = iphoneos;
				SWIFT_COMPILATION_MODE = wholemodule;
				VALIDATE_PRODUCT = YES;
			};
			name = Release;
		};
		F5D8BE132C0C7392001F1775 /* Debug */ = {
			isa = XCBuildConfiguration;
			buildSettings = {
				ASSETCATALOG_COMPILER_APPICON_NAME = AppIcon;
				ASSETCATALOG_COMPILER_GLOBAL_ACCENT_COLOR_NAME = AccentColor;
				CODE_SIGN_STYLE = Automatic;
				CURRENT_PROJECT_VERSION = 1;
				DEVELOPMENT_TEAM = T89868475G;
				GENERATE_INFOPLIST_FILE = YES;
				INFOPLIST_FILE = TaskListApp/SystemFiles/Info.plist;
				INFOPLIST_KEY_CFBundleDisplayName = "Task List";
				INFOPLIST_KEY_LSApplicationCategoryType = "public.app-category.utilities";
				INFOPLIST_KEY_UIApplicationSupportsIndirectInputEvents = YES;
				INFOPLIST_KEY_UILaunchStoryboardName = LaunchScreen;
				INFOPLIST_KEY_UISupportedInterfaceOrientations = UIInterfaceOrientationPortrait;
				INFOPLIST_KEY_UISupportedInterfaceOrientations_iPad = "UIInterfaceOrientationLandscapeLeft UIInterfaceOrientationLandscapeRight UIInterfaceOrientationPortrait UIInterfaceOrientationPortraitUpsideDown";
				LD_RUNPATH_SEARCH_PATHS = (
					"$(inherited)",
					"@executable_path/Frameworks",
				);
				MARKETING_VERSION = 1.0;
				PRODUCT_BUNDLE_IDENTIFIER = com.abdullaharslan.TaskListApp;
				PRODUCT_NAME = "$(TARGET_NAME)";
				SUPPORTED_PLATFORMS = "iphoneos iphonesimulator";
				SUPPORTS_MACCATALYST = NO;
				SUPPORTS_MAC_DESIGNED_FOR_IPHONE_IPAD = NO;
				SUPPORTS_XR_DESIGNED_FOR_IPHONE_IPAD = NO;
				SWIFT_EMIT_LOC_STRINGS = YES;
				SWIFT_VERSION = 5.0;
				TARGETED_DEVICE_FAMILY = "1,2";
			};
			name = Debug;
		};
		F5D8BE142C0C7392001F1775 /* Release */ = {
			isa = XCBuildConfiguration;
			buildSettings = {
				ASSETCATALOG_COMPILER_APPICON_NAME = AppIcon;
				ASSETCATALOG_COMPILER_GLOBAL_ACCENT_COLOR_NAME = AccentColor;
				CODE_SIGN_STYLE = Automatic;
				CURRENT_PROJECT_VERSION = 1;
				DEVELOPMENT_TEAM = T89868475G;
				GENERATE_INFOPLIST_FILE = YES;
				INFOPLIST_FILE = TaskListApp/SystemFiles/Info.plist;
				INFOPLIST_KEY_CFBundleDisplayName = "Task List";
				INFOPLIST_KEY_LSApplicationCategoryType = "public.app-category.utilities";
				INFOPLIST_KEY_UIApplicationSupportsIndirectInputEvents = YES;
				INFOPLIST_KEY_UILaunchStoryboardName = LaunchScreen;
				INFOPLIST_KEY_UISupportedInterfaceOrientations = UIInterfaceOrientationPortrait;
				INFOPLIST_KEY_UISupportedInterfaceOrientations_iPad = "UIInterfaceOrientationLandscapeLeft UIInterfaceOrientationLandscapeRight UIInterfaceOrientationPortrait UIInterfaceOrientationPortraitUpsideDown";
				LD_RUNPATH_SEARCH_PATHS = (
					"$(inherited)",
					"@executable_path/Frameworks",
				);
				MARKETING_VERSION = 1.0;
				PRODUCT_BUNDLE_IDENTIFIER = com.abdullaharslan.TaskListApp;
				PRODUCT_NAME = "$(TARGET_NAME)";
				SUPPORTED_PLATFORMS = "iphoneos iphonesimulator";
				SUPPORTS_MACCATALYST = NO;
				SUPPORTS_MAC_DESIGNED_FOR_IPHONE_IPAD = NO;
				SUPPORTS_XR_DESIGNED_FOR_IPHONE_IPAD = NO;
				SWIFT_EMIT_LOC_STRINGS = YES;
				SWIFT_VERSION = 5.0;
				TARGETED_DEVICE_FAMILY = "1,2";
			};
			name = Release;
		};
/* End XCBuildConfiguration section */

/* Begin XCConfigurationList section */
		F5D8BDF92C0C7391001F1775 /* Build configuration list for PBXProject "TaskListApp" */ = {
			isa = XCConfigurationList;
			buildConfigurations = (
				F5D8BE102C0C7392001F1775 /* Debug */,
				F5D8BE112C0C7392001F1775 /* Release */,
			);
			defaultConfigurationIsVisible = 0;
			defaultConfigurationName = Release;
		};
		F5D8BE122C0C7392001F1775 /* Build configuration list for PBXNativeTarget "TaskListApp" */ = {
			isa = XCConfigurationList;
			buildConfigurations = (
				F5D8BE132C0C7392001F1775 /* Debug */,
				F5D8BE142C0C7392001F1775 /* Release */,
			);
			defaultConfigurationIsVisible = 0;
			defaultConfigurationName = Release;
		};
/* End XCConfigurationList section */

/* Begin XCRemoteSwiftPackageReference section */
		F5D658232C0DE2B900A4B5AE /* XCRemoteSwiftPackageReference "lottie-ios" */ = {
			isa = XCRemoteSwiftPackageReference;
			repositoryURL = "https://github.com/airbnb/lottie-ios";
			requirement = {
				kind = upToNextMajorVersion;
				minimumVersion = 4.4.3;
			};
		};
/* End XCRemoteSwiftPackageReference section */

/* Begin XCSwiftPackageProductDependency section */
		F5D658242C0DE2B900A4B5AE /* Lottie */ = {
			isa = XCSwiftPackageProductDependency;
			package = F5D658232C0DE2B900A4B5AE /* XCRemoteSwiftPackageReference "lottie-ios" */;
			productName = Lottie;
		};
/* End XCSwiftPackageProductDependency section */

/* Begin XCVersionGroup section */
		F5D8BE1A2C0C7899001F1775 /* Tasks.xcdatamodeld */ = {
			isa = XCVersionGroup;
			children = (
				F5D8BE1B2C0C7899001F1775 /* Tasks.xcdatamodel */,
			);
			currentVersion = F5D8BE1B2C0C7899001F1775 /* Tasks.xcdatamodel */;
			name = Tasks.xcdatamodeld;
			path = /Users/arslan/Documents/TaskListApp/TaskListApp/Resources/Tasks.xcdatamodeld;
			sourceTree = "<group>";
			versionGroupType = wrapper.xcdatamodel;
		};
/* End XCVersionGroup section */
	};
	rootObject = F5D8BDF62C0C7391001F1775 /* Project object */;
}
